
Microsoft Visual Studio Solution File, Format Version 12.00
# Visual Studio Version 16
VisualStudioVersion = 16.0.30309.148
MinimumVisualStudioVersion = 10.0.40219.1
Project("{FAE04EC0-301F-11D3-BF4B-00C04F79EFBC}") = "Eszter_2020.07.16", "Eszter_2020.07.16\Eszter_2020.07.16.csproj", "{750E9115-9F37-478C-8CD3-DD6F67148A32}"
EndProject
Global
	GlobalSection(SolutionConfigurationPlatforms) = preSolution
		Debug|Any CPU = Debug|Any CPU
		Release|Any CPU = Release|Any CPU
	EndGlobalSection
	GlobalSection(ProjectConfigurationPlatforms) = postSolution
		{750E9115-9F37-478C-8CD3-DD6F67148A32}.Debug|Any CPU.ActiveCfg = Debug|Any CPU
		{750E9115-9F37-478C-8CD3-DD6F67148A32}.Debug|Any CPU.Build.0 = Debug|Any CPU
		{750E9115-9F37-478C-8CD3-DD6F67148A32}.Release|Any CPU.ActiveCfg = Release|Any CPU
		{750E9115-9F37-478C-8CD3-DD6F67148A32}.Release|Any CPU.Build.0 = Release|Any CPU
	EndGlobalSection
	GlobalSection(SolutionProperties) = preSolution
		HideSolutionNode = FALSE
	EndGlobalSection
	GlobalSection(ExtensibilityGlobals) = postSolution
		SolutionGuid = {0EB418B6-C823-4AB1-87F3-019AADC1B217}
	EndGlobalSection
EndGlobal
